
Microsoft Visual Studio Solution File, Format Version 12.00
# Visual Studio Version 17
VisualStudioVersion = 17.3.32611.2
MinimumVisualStudioVersion = 10.0.40219.1
Project("{2150E333-8FDC-42A3-9474-1A3956D46DE8}") = "A~Application", "A~Application", "{CD785F86-715F-47DC-9197-D50879BE68E6}"
EndProject
Project("{9A19103F-16F7-4668-BE54-9A1E7A4F7556}") = "A", "A\A.csproj", "{A0B838E8-23AD-48A5-9F2C-EBECD78B3DC5}"
EndProject
Project("{2150E333-8FDC-42A3-9474-1A3956D46DE8}") = "C~Browser", "C~Browser", "{ECEE2F3F-4343-4049-8DFB-1DB7731FDA26}"
EndProject
Project("{9A19103F-16F7-4668-BE54-9A1E7A4F7556}") = "C", "C\C.csproj", "{F680993B-A478-4EF3-A3C4-9996FD835C2E}"
EndProject
Project("{9A19103F-16F7-4668-BE54-9A1E7A4F7556}") = "B", "B\B.csproj", "{6EDC4297-8C5E-4019-8994-8F417BB41EBC}"
EndProject
Project("{2150E333-8FDC-42A3-9474-1A3956D46DE8}") = "B~Server", "B~Server", "{651F694A-73F1-4C46-A8EA-F158D95DB418}"
EndProject
Project("{2150E333-8FDC-42A3-9474-1A3956D46DE8}") = "D~Razor Libray", "D~Razor Libray", "{09953CCB-A62F-43B3-8543-FFD3FFE4BA2A}"
EndProject
Project("{2150E333-8FDC-42A3-9474-1A3956D46DE8}") = "D_A~Layout", "D_A~Layout", "{E2792844-BCA9-4CF5-81C3-A6E7EB0DD923}"
EndProject
Project("{9A19103F-16F7-4668-BE54-9A1E7A4F7556}") = "D_A", "D_A\D_A.csproj", "{6EB5C790-5159-4276-938C-A41B58356623}"
EndProject
Project("{2150E333-8FDC-42A3-9474-1A3956D46DE8}") = "D_A_A~Pages", "D_A_A~Pages", "{097328E0-0AC6-48C1-902A-B96C72C35D96}"
EndProject
Project("{2150E333-8FDC-42A3-9474-1A3956D46DE8}") = "D_A_A_A~Mistake", "D_A_A_A~Mistake", "{6D210C55-42BB-4339-BB1A-9D7D0679595D}"
EndProject
Project("{9A19103F-16F7-4668-BE54-9A1E7A4F7556}") = "D_A_A_A", "D_A_A_A\D_A_A_A.csproj", "{9C3024FA-9507-4C67-B2BA-AFA43701BA2B}"
EndProject
Project("{2150E333-8FDC-42A3-9474-1A3956D46DE8}") = "D_A_A_B~Index", "D_A_A_B~Index", "{DE6CB7F3-4701-454D-98E6-CFD4D40002FB}"
EndProject
Project("{9A19103F-16F7-4668-BE54-9A1E7A4F7556}") = "D_A_A_B", "D_A_A_B\D_A_A_B.csproj", "{1BA6284F-0B80-46C5-B38F-D0A3DAB9EBBB}"
EndProject
Project("{2150E333-8FDC-42A3-9474-1A3956D46DE8}") = "D_A_B~Logo", "D_A_B~Logo", "{4AE2E8EB-1E6A-4F83-BC65-8A1865A0D77B}"
EndProject
Project("{9A19103F-16F7-4668-BE54-9A1E7A4F7556}") = "D_A_B", "D_A_B\D_A_B.csproj", "{CED49CB8-0C34-46F4-80DF-E709D52AF673}"
EndProject
Project("{2150E333-8FDC-42A3-9474-1A3956D46DE8}") = "E~Class Libray", "E~Class Libray", "{FB6AA687-4D58-4709-AB2F-951D85976B6C}"
EndProject
Project("{2150E333-8FDC-42A3-9474-1A3956D46DE8}") = "E_A~Unit", "E_A~Unit", "{E3C66F28-91D7-4E68-AC9B-06B463F07979}"
EndProject
Project("{2150E333-8FDC-42A3-9474-1A3956D46DE8}") = "C_A~Unit", "C_A~Unit", "{41BFAE06-E429-41A0-A413-A36FDE0980B0}"
EndProject
Project("{2150E333-8FDC-42A3-9474-1A3956D46DE8}") = "A_A~Unit", "A_A~Unit", "{C44FE0F0-A914-427A-98DD-53D74097C0C8}"
EndProject
Project("{2150E333-8FDC-42A3-9474-1A3956D46DE8}") = "E_B~Task Manager", "E_B~Task Manager", "{F84C14B3-DF31-4FBE-9B8D-8D4CD496F404}"
EndProject
Project("{9A19103F-16F7-4668-BE54-9A1E7A4F7556}") = "E_B", "E_B\E_B.csproj", "{79F01FEB-13F8-44A4-BFE2-FA3A750733DF}"
EndProject
Project("{2150E333-8FDC-42A3-9474-1A3956D46DE8}") = "E_C~Network Manager", "E_C~Network Manager", "{B34027DF-78F1-4604-9788-772D8F28A52C}"
EndProject
Project("{9A19103F-16F7-4668-BE54-9A1E7A4F7556}") = "E_C", "E_C\E_C.csproj", "{82D3D195-B428-4D2B-B275-089198479736}"
EndProject
Project("{2150E333-8FDC-42A3-9474-1A3956D46DE8}") = "A_B~Network Manager Operator", "A_B~Network Manager Operator", "{28C47427-E961-4377-9DC8-BBC137981C3D}"
EndProject
Project("{9A19103F-16F7-4668-BE54-9A1E7A4F7556}") = "A_B", "A_B\A_B.csproj", "{2B09AB1C-9E36-4DB3-8E0B-B65BB7FEA535}"
EndProject
Project("{2150E333-8FDC-42A3-9474-1A3956D46DE8}") = "C_B~Network Manager Operator", "C_B~Network Manager Operator", "{64E41E43-1E5A-435D-8AD6-8AC3C95944D9}"
EndProject
Project("{9A19103F-16F7-4668-BE54-9A1E7A4F7556}") = "C_B", "C_B\C_B.csproj", "{9C4BC585-FF67-4C07-B941-C8617CF834F6}"
EndProject
Project("{9A19103F-16F7-4668-BE54-9A1E7A4F7556}") = "E_A", "E_A\E_A.csproj", "{A6C75358-0F36-40D9-A74E-58701F9072A6}"
EndProject
Project("{9A19103F-16F7-4668-BE54-9A1E7A4F7556}") = "C_A", "C_A\C_A.csproj", "{03C921CA-6E0D-4110-ACB9-AE6ED271AE1B}"
EndProject
Project("{9A19103F-16F7-4668-BE54-9A1E7A4F7556}") = "A_A", "A_A\A_A.csproj", "{7D5B24AE-A784-4EE5-9A1B-CCA43F043DD9}"
EndProject
Project("{2150E333-8FDC-42A3-9474-1A3956D46DE8}") = "Solution Items", "Solution Items", "{D3C01A3A-F114-4913-B99B-FAEEA6C07404}"
	ProjectSection(SolutionItems) = preProject
		OS.dgml = OS.dgml
	EndProjectSection
EndProject
Project("{2150E333-8FDC-42A3-9474-1A3956D46DE8}") = "E_D~Application file manager", "E_D~Application file manager", "{2A8E4F4F-B982-4789-8C1C-21859BE5356A}"
EndProject
Project("{9A19103F-16F7-4668-BE54-9A1E7A4F7556}") = "E_D", "E_D\E_D.csproj", "{0C1A172D-C8F7-451E-9F22-D817BED8A1B6}"
EndProject
Project("{2150E333-8FDC-42A3-9474-1A3956D46DE8}") = "A_C~", "A_C~", "{0FC8C125-7A00-4DE4-9EFA-120E8A591798}"
EndProject
Project("{2150E333-8FDC-42A3-9474-1A3956D46DE8}") = "C_C~", "C_C~", "{0D9FB98B-55A7-41EF-AC66-8D0534016564}"
EndProject
Project("{2150E333-8FDC-42A3-9474-1A3956D46DE8}") = "B_A~SignalR", "B_A~SignalR", "{E9798F87-8A57-4673-8410-EF34C190CBCE}"
EndProject
Project("{FAE04EC0-301F-11D3-BF4B-00C04F79EFBC}") = "B_A", "B_A\B_A.csproj", "{75E1F1FC-D5B7-4D40-8D8C-BC2BFB806E28}"
EndProject
Project("{2150E333-8FDC-42A3-9474-1A3956D46DE8}") = "E_E~Server", "E_E~Server", "{1E1FF0C1-3A6D-4E43-B1C5-FB0C04008876}"
EndProject
Project("{FAE04EC0-301F-11D3-BF4B-00C04F79EFBC}") = "E_E", "E_E\E_E.csproj", "{3002D8C1-DF3A-4177-9C5D-E26FAE67FD7F}"
EndProject
Project("{2150E333-8FDC-42A3-9474-1A3956D46DE8}") = "A_D~Server", "A_D~Server", "{D01F6725-7F60-490B-A581-B8B13AB5FFCE}"
EndProject
Project("{2150E333-8FDC-42A3-9474-1A3956D46DE8}") = "C_D~Server", "C_D~Server", "{5A324456-B6F2-47D8-8B73-91310DB8BBDA}"
EndProject
Project("{FAE04EC0-301F-11D3-BF4B-00C04F79EFBC}") = "A_D", "A_D\A_D.csproj", "{00E692D2-F25E-41E9-BF5D-FCB1225B9D7A}"
EndProject
Project("{FAE04EC0-301F-11D3-BF4B-00C04F79EFBC}") = "C_D", "C_D\C_D.csproj", "{A7F9DF98-5DAE-447A-B5E1-CB9D3B9EAD8E}"
EndProject
Global
	GlobalSection(SolutionConfigurationPlatforms) = preSolution
		Debug|Any CPU = Debug|Any CPU
		Release|Any CPU = Release|Any CPU
	EndGlobalSection
	GlobalSection(ProjectConfigurationPlatforms) = postSolution
		{A0B838E8-23AD-48A5-9F2C-EBECD78B3DC5}.Debug|Any CPU.ActiveCfg = Debug|Any CPU
		{A0B838E8-23AD-48A5-9F2C-EBECD78B3DC5}.Debug|Any CPU.Build.0 = Debug|Any CPU
		{A0B838E8-23AD-48A5-9F2C-EBECD78B3DC5}.Debug|Any CPU.Deploy.0 = Debug|Any CPU
		{A0B838E8-23AD-48A5-9F2C-EBECD78B3DC5}.Release|Any CPU.ActiveCfg = Release|Any CPU
		{A0B838E8-23AD-48A5-9F2C-EBECD78B3DC5}.Release|Any CPU.Build.0 = Release|Any CPU
		{A0B838E8-23AD-48A5-9F2C-EBECD78B3DC5}.Release|Any CPU.Deploy.0 = Release|Any CPU
		{F680993B-A478-4EF3-A3C4-9996FD835C2E}.Debug|Any CPU.ActiveCfg = Debug|Any CPU
		{F680993B-A478-4EF3-A3C4-9996FD835C2E}.Debug|Any CPU.Build.0 = Debug|Any CPU
		{F680993B-A478-4EF3-A3C4-9996FD835C2E}.Release|Any CPU.ActiveCfg = Release|Any CPU
		{F680993B-A478-4EF3-A3C4-9996FD835C2E}.Release|Any CPU.Build.0 = Release|Any CPU
		{6EDC4297-8C5E-4019-8994-8F417BB41EBC}.Debug|Any CPU.ActiveCfg = Debug|Any CPU
		{6EDC4297-8C5E-4019-8994-8F417BB41EBC}.Debug|Any CPU.Build.0 = Debug|Any CPU
		{6EDC4297-8C5E-4019-8994-8F417BB41EBC}.Release|Any CPU.ActiveCfg = Release|Any CPU
		{6EDC4297-8C5E-4019-8994-8F417BB41EBC}.Release|Any CPU.Build.0 = Release|Any CPU
		{6EB5C790-5159-4276-938C-A41B58356623}.Debug|Any CPU.ActiveCfg = Debug|Any CPU
		{6EB5C790-5159-4276-938C-A41B58356623}.Debug|Any CPU.Build.0 = Debug|Any CPU
		{6EB5C790-5159-4276-938C-A41B58356623}.Release|Any CPU.ActiveCfg = Release|Any CPU
		{6EB5C790-5159-4276-938C-A41B58356623}.Release|Any CPU.Build.0 = Release|Any CPU
		{9C3024FA-9507-4C67-B2BA-AFA43701BA2B}.Debug|Any CPU.ActiveCfg = Debug|Any CPU
		{9C3024FA-9507-4C67-B2BA-AFA43701BA2B}.Debug|Any CPU.Build.0 = Debug|Any CPU
		{9C3024FA-9507-4C67-B2BA-AFA43701BA2B}.Release|Any CPU.ActiveCfg = Release|Any CPU
		{9C3024FA-9507-4C67-B2BA-AFA43701BA2B}.Release|Any CPU.Build.0 = Release|Any CPU
		{1BA6284F-0B80-46C5-B38F-D0A3DAB9EBBB}.Debug|Any CPU.ActiveCfg = Debug|Any CPU
		{1BA6284F-0B80-46C5-B38F-D0A3DAB9EBBB}.Debug|Any CPU.Build.0 = Debug|Any CPU
		{1BA6284F-0B80-46C5-B38F-D0A3DAB9EBBB}.Release|Any CPU.ActiveCfg = Release|Any CPU
		{1BA6284F-0B80-46C5-B38F-D0A3DAB9EBBB}.Release|Any CPU.Build.0 = Release|Any CPU
		{CED49CB8-0C34-46F4-80DF-E709D52AF673}.Debug|Any CPU.ActiveCfg = Debug|Any CPU
		{CED49CB8-0C34-46F4-80DF-E709D52AF673}.Debug|Any CPU.Build.0 = Debug|Any CPU
		{CED49CB8-0C34-46F4-80DF-E709D52AF673}.Release|Any CPU.ActiveCfg = Release|Any CPU
		{CED49CB8-0C34-46F4-80DF-E709D52AF673}.Release|Any CPU.Build.0 = Release|Any CPU
		{79F01FEB-13F8-44A4-BFE2-FA3A750733DF}.Debug|Any CPU.ActiveCfg = Debug|Any CPU
		{79F01FEB-13F8-44A4-BFE2-FA3A750733DF}.Debug|Any CPU.Build.0 = Debug|Any CPU
		{79F01FEB-13F8-44A4-BFE2-FA3A750733DF}.Release|Any CPU.ActiveCfg = Release|Any CPU
		{79F01FEB-13F8-44A4-BFE2-FA3A750733DF}.Release|Any CPU.Build.0 = Release|Any CPU
		{82D3D195-B428-4D2B-B275-089198479736}.Debug|Any CPU.ActiveCfg = Debug|Any CPU
		{82D3D195-B428-4D2B-B275-089198479736}.Debug|Any CPU.Build.0 = Debug|Any CPU
		{82D3D195-B428-4D2B-B275-089198479736}.Release|Any CPU.ActiveCfg = Release|Any CPU
		{82D3D195-B428-4D2B-B275-089198479736}.Release|Any CPU.Build.0 = Release|Any CPU
		{2B09AB1C-9E36-4DB3-8E0B-B65BB7FEA535}.Debug|Any CPU.ActiveCfg = Debug|Any CPU
		{2B09AB1C-9E36-4DB3-8E0B-B65BB7FEA535}.Debug|Any CPU.Build.0 = Debug|Any CPU
		{2B09AB1C-9E36-4DB3-8E0B-B65BB7FEA535}.Release|Any CPU.ActiveCfg = Release|Any CPU
		{2B09AB1C-9E36-4DB3-8E0B-B65BB7FEA535}.Release|Any CPU.Build.0 = Release|Any CPU
		{9C4BC585-FF67-4C07-B941-C8617CF834F6}.Debug|Any CPU.ActiveCfg = Debug|Any CPU
		{9C4BC585-FF67-4C07-B941-C8617CF834F6}.Debug|Any CPU.Build.0 = Debug|Any CPU
		{9C4BC585-FF67-4C07-B941-C8617CF834F6}.Release|Any CPU.ActiveCfg = Release|Any CPU
		{9C4BC585-FF67-4C07-B941-C8617CF834F6}.Release|Any CPU.Build.0 = Release|Any CPU
		{A6C75358-0F36-40D9-A74E-58701F9072A6}.Debug|Any CPU.ActiveCfg = Debug|Any CPU
		{A6C75358-0F36-40D9-A74E-58701F9072A6}.Debug|Any CPU.Build.0 = Debug|Any CPU
		{A6C75358-0F36-40D9-A74E-58701F9072A6}.Release|Any CPU.ActiveCfg = Release|Any CPU
		{A6C75358-0F36-40D9-A74E-58701F9072A6}.Release|Any CPU.Build.0 = Release|Any CPU
		{03C921CA-6E0D-4110-ACB9-AE6ED271AE1B}.Debug|Any CPU.ActiveCfg = Debug|Any CPU
		{03C921CA-6E0D-4110-ACB9-AE6ED271AE1B}.Debug|Any CPU.Build.0 = Debug|Any CPU
		{03C921CA-6E0D-4110-ACB9-AE6ED271AE1B}.Release|Any CPU.ActiveCfg = Release|Any CPU
		{03C921CA-6E0D-4110-ACB9-AE6ED271AE1B}.Release|Any CPU.Build.0 = Release|Any CPU
		{7D5B24AE-A784-4EE5-9A1B-CCA43F043DD9}.Debug|Any CPU.ActiveCfg = Debug|Any CPU
		{7D5B24AE-A784-4EE5-9A1B-CCA43F043DD9}.Debug|Any CPU.Build.0 = Debug|Any CPU
		{7D5B24AE-A784-4EE5-9A1B-CCA43F043DD9}.Release|Any CPU.ActiveCfg = Release|Any CPU
		{7D5B24AE-A784-4EE5-9A1B-CCA43F043DD9}.Release|Any CPU.Build.0 = Release|Any CPU
		{0C1A172D-C8F7-451E-9F22-D817BED8A1B6}.Debug|Any CPU.ActiveCfg = Debug|Any CPU
		{0C1A172D-C8F7-451E-9F22-D817BED8A1B6}.Debug|Any CPU.Build.0 = Debug|Any CPU
		{0C1A172D-C8F7-451E-9F22-D817BED8A1B6}.Release|Any CPU.ActiveCfg = Release|Any CPU
		{0C1A172D-C8F7-451E-9F22-D817BED8A1B6}.Release|Any CPU.Build.0 = Release|Any CPU
		{75E1F1FC-D5B7-4D40-8D8C-BC2BFB806E28}.Debug|Any CPU.ActiveCfg = Debug|Any CPU
		{75E1F1FC-D5B7-4D40-8D8C-BC2BFB806E28}.Debug|Any CPU.Build.0 = Debug|Any CPU
		{75E1F1FC-D5B7-4D40-8D8C-BC2BFB806E28}.Release|Any CPU.ActiveCfg = Release|Any CPU
		{75E1F1FC-D5B7-4D40-8D8C-BC2BFB806E28}.Release|Any CPU.Build.0 = Release|Any CPU
		{3002D8C1-DF3A-4177-9C5D-E26FAE67FD7F}.Debug|Any CPU.ActiveCfg = Debug|Any CPU
		{3002D8C1-DF3A-4177-9C5D-E26FAE67FD7F}.Debug|Any CPU.Build.0 = Debug|Any CPU
		{3002D8C1-DF3A-4177-9C5D-E26FAE67FD7F}.Release|Any CPU.ActiveCfg = Release|Any CPU
		{3002D8C1-DF3A-4177-9C5D-E26FAE67FD7F}.Release|Any CPU.Build.0 = Release|Any CPU
		{00E692D2-F25E-41E9-BF5D-FCB1225B9D7A}.Debug|Any CPU.ActiveCfg = Debug|Any CPU
		{00E692D2-F25E-41E9-BF5D-FCB1225B9D7A}.Debug|Any CPU.Build.0 = Debug|Any CPU
		{00E692D2-F25E-41E9-BF5D-FCB1225B9D7A}.Release|Any CPU.ActiveCfg = Release|Any CPU
		{00E692D2-F25E-41E9-BF5D-FCB1225B9D7A}.Release|Any CPU.Build.0 = Release|Any CPU
		{A7F9DF98-5DAE-447A-B5E1-CB9D3B9EAD8E}.Debug|Any CPU.ActiveCfg = Debug|Any CPU
		{A7F9DF98-5DAE-447A-B5E1-CB9D3B9EAD8E}.Debug|Any CPU.Build.0 = Debug|Any CPU
		{A7F9DF98-5DAE-447A-B5E1-CB9D3B9EAD8E}.Release|Any CPU.ActiveCfg = Release|Any CPU
		{A7F9DF98-5DAE-447A-B5E1-CB9D3B9EAD8E}.Release|Any CPU.Build.0 = Release|Any CPU
	EndGlobalSection
	GlobalSection(SolutionProperties) = preSolution
		HideSolutionNode = FALSE
	EndGlobalSection
	GlobalSection(NestedProjects) = preSolution
		{A0B838E8-23AD-48A5-9F2C-EBECD78B3DC5} = {CD785F86-715F-47DC-9197-D50879BE68E6}
		{F680993B-A478-4EF3-A3C4-9996FD835C2E} = {ECEE2F3F-4343-4049-8DFB-1DB7731FDA26}
		{6EDC4297-8C5E-4019-8994-8F417BB41EBC} = {651F694A-73F1-4C46-A8EA-F158D95DB418}
		{E2792844-BCA9-4CF5-81C3-A6E7EB0DD923} = {09953CCB-A62F-43B3-8543-FFD3FFE4BA2A}
		{6EB5C790-5159-4276-938C-A41B58356623} = {E2792844-BCA9-4CF5-81C3-A6E7EB0DD923}
		{097328E0-0AC6-48C1-902A-B96C72C35D96} = {E2792844-BCA9-4CF5-81C3-A6E7EB0DD923}
		{6D210C55-42BB-4339-BB1A-9D7D0679595D} = {097328E0-0AC6-48C1-902A-B96C72C35D96}
		{9C3024FA-9507-4C67-B2BA-AFA43701BA2B} = {6D210C55-42BB-4339-BB1A-9D7D0679595D}
		{DE6CB7F3-4701-454D-98E6-CFD4D40002FB} = {097328E0-0AC6-48C1-902A-B96C72C35D96}
		{1BA6284F-0B80-46C5-B38F-D0A3DAB9EBBB} = {DE6CB7F3-4701-454D-98E6-CFD4D40002FB}
		{4AE2E8EB-1E6A-4F83-BC65-8A1865A0D77B} = {E2792844-BCA9-4CF5-81C3-A6E7EB0DD923}
		{CED49CB8-0C34-46F4-80DF-E709D52AF673} = {4AE2E8EB-1E6A-4F83-BC65-8A1865A0D77B}
		{E3C66F28-91D7-4E68-AC9B-06B463F07979} = {FB6AA687-4D58-4709-AB2F-951D85976B6C}
		{41BFAE06-E429-41A0-A413-A36FDE0980B0} = {ECEE2F3F-4343-4049-8DFB-1DB7731FDA26}
		{C44FE0F0-A914-427A-98DD-53D74097C0C8} = {CD785F86-715F-47DC-9197-D50879BE68E6}
		{F84C14B3-DF31-4FBE-9B8D-8D4CD496F404} = {FB6AA687-4D58-4709-AB2F-951D85976B6C}
		{79F01FEB-13F8-44A4-BFE2-FA3A750733DF} = {F84C14B3-DF31-4FBE-9B8D-8D4CD496F404}
		{B34027DF-78F1-4604-9788-772D8F28A52C} = {FB6AA687-4D58-4709-AB2F-951D85976B6C}
		{82D3D195-B428-4D2B-B275-089198479736} = {B34027DF-78F1-4604-9788-772D8F28A52C}
		{28C47427-E961-4377-9DC8-BBC137981C3D} = {CD785F86-715F-47DC-9197-D50879BE68E6}
		{2B09AB1C-9E36-4DB3-8E0B-B65BB7FEA535} = {28C47427-E961-4377-9DC8-BBC137981C3D}
		{64E41E43-1E5A-435D-8AD6-8AC3C95944D9} = {ECEE2F3F-4343-4049-8DFB-1DB7731FDA26}
		{9C4BC585-FF67-4C07-B941-C8617CF834F6} = {64E41E43-1E5A-435D-8AD6-8AC3C95944D9}
		{A6C75358-0F36-40D9-A74E-58701F9072A6} = {E3C66F28-91D7-4E68-AC9B-06B463F07979}
		{03C921CA-6E0D-4110-ACB9-AE6ED271AE1B} = {41BFAE06-E429-41A0-A413-A36FDE0980B0}
		{7D5B24AE-A784-4EE5-9A1B-CCA43F043DD9} = {C44FE0F0-A914-427A-98DD-53D74097C0C8}
		{2A8E4F4F-B982-4789-8C1C-21859BE5356A} = {FB6AA687-4D58-4709-AB2F-951D85976B6C}
		{0C1A172D-C8F7-451E-9F22-D817BED8A1B6} = {2A8E4F4F-B982-4789-8C1C-21859BE5356A}
		{0FC8C125-7A00-4DE4-9EFA-120E8A591798} = {CD785F86-715F-47DC-9197-D50879BE68E6}
		{0D9FB98B-55A7-41EF-AC66-8D0534016564} = {ECEE2F3F-4343-4049-8DFB-1DB7731FDA26}
		{E9798F87-8A57-4673-8410-EF34C190CBCE} = {651F694A-73F1-4C46-A8EA-F158D95DB418}
		{75E1F1FC-D5B7-4D40-8D8C-BC2BFB806E28} = {E9798F87-8A57-4673-8410-EF34C190CBCE}
		{1E1FF0C1-3A6D-4E43-B1C5-FB0C04008876} = {FB6AA687-4D58-4709-AB2F-951D85976B6C}
		{3002D8C1-DF3A-4177-9C5D-E26FAE67FD7F} = {1E1FF0C1-3A6D-4E43-B1C5-FB0C04008876}
		{D01F6725-7F60-490B-A581-B8B13AB5FFCE} = {CD785F86-715F-47DC-9197-D50879BE68E6}
		{5A324456-B6F2-47D8-8B73-91310DB8BBDA} = {ECEE2F3F-4343-4049-8DFB-1DB7731FDA26}
		{00E692D2-F25E-41E9-BF5D-FCB1225B9D7A} = {D01F6725-7F60-490B-A581-B8B13AB5FFCE}
		{A7F9DF98-5DAE-447A-B5E1-CB9D3B9EAD8E} = {5A324456-B6F2-47D8-8B73-91310DB8BBDA}
	EndGlobalSection
	GlobalSection(ExtensibilityGlobals) = postSolution
		SolutionGuid = {577F87D5-F474-468F-9B8B-D32600D7257B}
	EndGlobalSection
EndGlobal
