
Microsoft Visual Studio Solution File, Format Version 12.00
# Visual Studio Version 17
VisualStudioVersion = 17.3.32611.2
MinimumVisualStudioVersion = 10.0.40219.1
Project("{2150E333-8FDC-42A3-9474-1A3956D46DE8}") = "Application(A)", "Application(A)", "{74BFFFC3-D76F-4D43-9DAD-0C8C5A12CFC2}"
EndProject
Project("{2150E333-8FDC-42A3-9474-1A3956D46DE8}") = "Browser(B)", "Browser(B)", "{3195EDD2-199D-40A5-BA44-8F8523399803}"
EndProject
Project("{2150E333-8FDC-42A3-9474-1A3956D46DE8}") = "Server(S)", "Server(S)", "{DDFE516A-755C-43CD-8C9F-7D42E6201311}"
EndProject
Project("{FAE04EC0-301F-11D3-BF4B-00C04F79EFBC}") = "A", "A\A.csproj", "{48280141-73FF-4AF4-AE8D-86446286A5E9}"
EndProject
Project("{FAE04EC0-301F-11D3-BF4B-00C04F79EFBC}") = "S", "B\Server\S.csproj", "{860F8A74-6DA7-4B60-8FD5-00AAF07A8A3D}"
EndProject
Project("{FAE04EC0-301F-11D3-BF4B-00C04F79EFBC}") = "B", "B\Client\B.csproj", "{198E69B2-AF44-49EF-BE20-821B89E17623}"
EndProject
Project("{2150E333-8FDC-42A3-9474-1A3956D46DE8}") = "Structured Query Language(S)", "Structured Query Language(S)", "{F1B01013-8881-4DFF-8ACC-5A32D9B0CFDC}"
EndProject
Project("{00D1A9C2-B5F0-4AF3-8072-F6C62B433612}") = "S", "S\S.sqlproj", "{8AFD2633-E699-488D-A9D5-00B01C4A173F}"
EndProject
Project("{2150E333-8FDC-42A3-9474-1A3956D46DE8}") = "Entity Framework(E)", "Entity Framework(E)", "{A17C7C7E-1225-446A-B549-32D2DC6ABBF3}"
EndProject
Project("{FAE04EC0-301F-11D3-BF4B-00C04F79EFBC}") = "E", "E\E.csproj", "{2C220719-E7E5-410A-BE3C-361C04D75611}"
EndProject
Project("{FAE04EC0-301F-11D3-BF4B-00C04F79EFBC}") = "R", "R\R.csproj", "{63760817-039D-4E7E-8BF4-B61C29FB5116}"
EndProject
Project("{2150E333-8FDC-42A3-9474-1A3956D46DE8}") = "Razor Class Library(R)", "Razor Class Library(R)", "{1156B23B-8EBA-4481-BEA2-51299142FBCF}"
EndProject
Project("{FAE04EC0-301F-11D3-BF4B-00C04F79EFBC}") = "C", "C\C.csproj", "{B42947D3-502C-4588-8692-0EDA6D910869}"
EndProject
Project("{2150E333-8FDC-42A3-9474-1A3956D46DE8}") = "Class Library(C)", "Class Library(C)", "{1084BDD8-A2F5-4D08-872D-1682DCEE3AB3}"
EndProject
Global
	GlobalSection(SolutionConfigurationPlatforms) = preSolution
		Debug|Any CPU = Debug|Any CPU
		Release|Any CPU = Release|Any CPU
	EndGlobalSection
	GlobalSection(ProjectConfigurationPlatforms) = postSolution
		{48280141-73FF-4AF4-AE8D-86446286A5E9}.Debug|Any CPU.ActiveCfg = Debug|Any CPU
		{48280141-73FF-4AF4-AE8D-86446286A5E9}.Debug|Any CPU.Build.0 = Debug|Any CPU
		{48280141-73FF-4AF4-AE8D-86446286A5E9}.Debug|Any CPU.Deploy.0 = Debug|Any CPU
		{48280141-73FF-4AF4-AE8D-86446286A5E9}.Release|Any CPU.ActiveCfg = Release|Any CPU
		{48280141-73FF-4AF4-AE8D-86446286A5E9}.Release|Any CPU.Build.0 = Release|Any CPU
		{48280141-73FF-4AF4-AE8D-86446286A5E9}.Release|Any CPU.Deploy.0 = Release|Any CPU
		{860F8A74-6DA7-4B60-8FD5-00AAF07A8A3D}.Debug|Any CPU.ActiveCfg = Debug|Any CPU
		{860F8A74-6DA7-4B60-8FD5-00AAF07A8A3D}.Debug|Any CPU.Build.0 = Debug|Any CPU
		{860F8A74-6DA7-4B60-8FD5-00AAF07A8A3D}.Release|Any CPU.ActiveCfg = Release|Any CPU
		{860F8A74-6DA7-4B60-8FD5-00AAF07A8A3D}.Release|Any CPU.Build.0 = Release|Any CPU
		{198E69B2-AF44-49EF-BE20-821B89E17623}.Debug|Any CPU.ActiveCfg = Debug|Any CPU
		{198E69B2-AF44-49EF-BE20-821B89E17623}.Debug|Any CPU.Build.0 = Debug|Any CPU
		{198E69B2-AF44-49EF-BE20-821B89E17623}.Release|Any CPU.ActiveCfg = Release|Any CPU
		{198E69B2-AF44-49EF-BE20-821B89E17623}.Release|Any CPU.Build.0 = Release|Any CPU
		{8AFD2633-E699-488D-A9D5-00B01C4A173F}.Debug|Any CPU.ActiveCfg = Debug|Any CPU
		{8AFD2633-E699-488D-A9D5-00B01C4A173F}.Debug|Any CPU.Build.0 = Debug|Any CPU
		{8AFD2633-E699-488D-A9D5-00B01C4A173F}.Debug|Any CPU.Deploy.0 = Debug|Any CPU
		{8AFD2633-E699-488D-A9D5-00B01C4A173F}.Release|Any CPU.ActiveCfg = Release|Any CPU
		{8AFD2633-E699-488D-A9D5-00B01C4A173F}.Release|Any CPU.Build.0 = Release|Any CPU
		{8AFD2633-E699-488D-A9D5-00B01C4A173F}.Release|Any CPU.Deploy.0 = Release|Any CPU
		{2C220719-E7E5-410A-BE3C-361C04D75611}.Debug|Any CPU.ActiveCfg = Debug|Any CPU
		{2C220719-E7E5-410A-BE3C-361C04D75611}.Debug|Any CPU.Build.0 = Debug|Any CPU
		{2C220719-E7E5-410A-BE3C-361C04D75611}.Release|Any CPU.ActiveCfg = Release|Any CPU
		{2C220719-E7E5-410A-BE3C-361C04D75611}.Release|Any CPU.Build.0 = Release|Any CPU
		{63760817-039D-4E7E-8BF4-B61C29FB5116}.Debug|Any CPU.ActiveCfg = Debug|Any CPU
		{63760817-039D-4E7E-8BF4-B61C29FB5116}.Debug|Any CPU.Build.0 = Debug|Any CPU
		{63760817-039D-4E7E-8BF4-B61C29FB5116}.Release|Any CPU.ActiveCfg = Release|Any CPU
		{63760817-039D-4E7E-8BF4-B61C29FB5116}.Release|Any CPU.Build.0 = Release|Any CPU
		{B42947D3-502C-4588-8692-0EDA6D910869}.Debug|Any CPU.ActiveCfg = Debug|Any CPU
		{B42947D3-502C-4588-8692-0EDA6D910869}.Debug|Any CPU.Build.0 = Debug|Any CPU
		{B42947D3-502C-4588-8692-0EDA6D910869}.Release|Any CPU.ActiveCfg = Release|Any CPU
		{B42947D3-502C-4588-8692-0EDA6D910869}.Release|Any CPU.Build.0 = Release|Any CPU
	EndGlobalSection
	GlobalSection(SolutionProperties) = preSolution
		HideSolutionNode = FALSE
	EndGlobalSection
	GlobalSection(NestedProjects) = preSolution
		{48280141-73FF-4AF4-AE8D-86446286A5E9} = {74BFFFC3-D76F-4D43-9DAD-0C8C5A12CFC2}
		{860F8A74-6DA7-4B60-8FD5-00AAF07A8A3D} = {DDFE516A-755C-43CD-8C9F-7D42E6201311}
		{198E69B2-AF44-49EF-BE20-821B89E17623} = {3195EDD2-199D-40A5-BA44-8F8523399803}
		{8AFD2633-E699-488D-A9D5-00B01C4A173F} = {F1B01013-8881-4DFF-8ACC-5A32D9B0CFDC}
		{2C220719-E7E5-410A-BE3C-361C04D75611} = {A17C7C7E-1225-446A-B549-32D2DC6ABBF3}
		{63760817-039D-4E7E-8BF4-B61C29FB5116} = {1156B23B-8EBA-4481-BEA2-51299142FBCF}
		{B42947D3-502C-4588-8692-0EDA6D910869} = {1084BDD8-A2F5-4D08-872D-1682DCEE3AB3}
	EndGlobalSection
	GlobalSection(ExtensibilityGlobals) = postSolution
		SolutionGuid = {577F87D5-F474-468F-9B8B-D32600D7257B}
	EndGlobalSection
EndGlobal
