
Microsoft Visual Studio Solution File, Format Version 12.00
# Visual Studio Version 17
VisualStudioVersion = 17.3.32611.2
MinimumVisualStudioVersion = 10.0.40219.1
Project("{FAE04EC0-301F-11D3-BF4B-00C04F79EFBC}") = "WebBlazor.Server", "WebBlazor\Server\WebBlazor.Server.csproj", "{695F3CF6-4BA4-4A27-954F-D10BBB731319}"
EndProject
Project("{FAE04EC0-301F-11D3-BF4B-00C04F79EFBC}") = "WebBlazor.Client", "WebBlazor\Client\WebBlazor.Client.csproj", "{CDD3EFEC-DD73-453C-B87D-F7EF6FF8E486}"
EndProject
Global
	GlobalSection(SolutionConfigurationPlatforms) = preSolution
		Debug|Any CPU = Debug|Any CPU
		Release|Any CPU = Release|Any CPU
	EndGlobalSection
	GlobalSection(ProjectConfigurationPlatforms) = postSolution
		{695F3CF6-4BA4-4A27-954F-D10BBB731319}.Debug|Any CPU.ActiveCfg = Debug|Any CPU
		{695F3CF6-4BA4-4A27-954F-D10BBB731319}.Debug|Any CPU.Build.0 = Debug|Any CPU
		{695F3CF6-4BA4-4A27-954F-D10BBB731319}.Release|Any CPU.ActiveCfg = Release|Any CPU
		{695F3CF6-4BA4-4A27-954F-D10BBB731319}.Release|Any CPU.Build.0 = Release|Any CPU
		{CDD3EFEC-DD73-453C-B87D-F7EF6FF8E486}.Debug|Any CPU.ActiveCfg = Debug|Any CPU
		{CDD3EFEC-DD73-453C-B87D-F7EF6FF8E486}.Debug|Any CPU.Build.0 = Debug|Any CPU
		{CDD3EFEC-DD73-453C-B87D-F7EF6FF8E486}.Release|Any CPU.ActiveCfg = Release|Any CPU
		{CDD3EFEC-DD73-453C-B87D-F7EF6FF8E486}.Release|Any CPU.Build.0 = Release|Any CPU
	EndGlobalSection
	GlobalSection(SolutionProperties) = preSolution
		HideSolutionNode = FALSE
	EndGlobalSection
	GlobalSection(ExtensibilityGlobals) = postSolution
		SolutionGuid = {2B73DED8-2074-488A-867C-597AF8B07A54}
	EndGlobalSection
EndGlobal
