
Microsoft Visual Studio Solution File, Format Version 12.00
# Visual Studio Version 17
VisualStudioVersion = 17.3.32611.2
MinimumVisualStudioVersion = 10.0.40219.1
Project("{9A19103F-16F7-4668-BE54-9A1E7A4F7556}") = "RazorClassLibrary", "..\RazorClassLibrary\RazorClassLibrary\RazorClassLibrary.csproj", "{F1E3D31E-7140-49FD-B420-6B7B4DE7C034}"
EndProject
Project("{9A19103F-16F7-4668-BE54-9A1E7A4F7556}") = "MAUIBlazor", "..\MAUIBlazor\MAUIBlazor\MAUIBlazor.csproj", "{4AE2CE4A-3DE8-4BF7-92C9-71D2673840A2}"
EndProject
Project("{9A19103F-16F7-4668-BE54-9A1E7A4F7556}") = "WebBlazor.Server", "..\BlazorWebAssembly\WebBlazor\Server\WebBlazor.Server.csproj", "{406ADFB8-5108-4045-9679-6B634225B284}"
EndProject
Project("{9A19103F-16F7-4668-BE54-9A1E7A4F7556}") = "WebBlazor.Client", "..\BlazorWebAssembly\WebBlazor\Client\WebBlazor.Client.csproj", "{1825A160-9D54-4E76-B4E3-4E0EC855C64F}"
EndProject
Global
	GlobalSection(SolutionConfigurationPlatforms) = preSolution
		Debug|Any CPU = Debug|Any CPU
		Release|Any CPU = Release|Any CPU
	EndGlobalSection
	GlobalSection(ProjectConfigurationPlatforms) = postSolution
		{F1E3D31E-7140-49FD-B420-6B7B4DE7C034}.Debug|Any CPU.ActiveCfg = Debug|Any CPU
		{F1E3D31E-7140-49FD-B420-6B7B4DE7C034}.Debug|Any CPU.Build.0 = Debug|Any CPU
		{F1E3D31E-7140-49FD-B420-6B7B4DE7C034}.Release|Any CPU.ActiveCfg = Release|Any CPU
		{F1E3D31E-7140-49FD-B420-6B7B4DE7C034}.Release|Any CPU.Build.0 = Release|Any CPU
		{4AE2CE4A-3DE8-4BF7-92C9-71D2673840A2}.Debug|Any CPU.ActiveCfg = Debug|Any CPU
		{4AE2CE4A-3DE8-4BF7-92C9-71D2673840A2}.Debug|Any CPU.Build.0 = Debug|Any CPU
		{4AE2CE4A-3DE8-4BF7-92C9-71D2673840A2}.Debug|Any CPU.Deploy.0 = Debug|Any CPU
		{4AE2CE4A-3DE8-4BF7-92C9-71D2673840A2}.Release|Any CPU.ActiveCfg = Release|Any CPU
		{4AE2CE4A-3DE8-4BF7-92C9-71D2673840A2}.Release|Any CPU.Build.0 = Release|Any CPU
		{4AE2CE4A-3DE8-4BF7-92C9-71D2673840A2}.Release|Any CPU.Deploy.0 = Release|Any CPU
		{406ADFB8-5108-4045-9679-6B634225B284}.Debug|Any CPU.ActiveCfg = Debug|Any CPU
		{406ADFB8-5108-4045-9679-6B634225B284}.Debug|Any CPU.Build.0 = Debug|Any CPU
		{406ADFB8-5108-4045-9679-6B634225B284}.Release|Any CPU.ActiveCfg = Release|Any CPU
		{406ADFB8-5108-4045-9679-6B634225B284}.Release|Any CPU.Build.0 = Release|Any CPU
		{1825A160-9D54-4E76-B4E3-4E0EC855C64F}.Debug|Any CPU.ActiveCfg = Debug|Any CPU
		{1825A160-9D54-4E76-B4E3-4E0EC855C64F}.Debug|Any CPU.Build.0 = Debug|Any CPU
		{1825A160-9D54-4E76-B4E3-4E0EC855C64F}.Release|Any CPU.ActiveCfg = Release|Any CPU
		{1825A160-9D54-4E76-B4E3-4E0EC855C64F}.Release|Any CPU.Build.0 = Release|Any CPU
	EndGlobalSection
	GlobalSection(SolutionProperties) = preSolution
		HideSolutionNode = FALSE
	EndGlobalSection
	GlobalSection(ExtensibilityGlobals) = postSolution
		SolutionGuid = {A1B9A1E7-C198-477A-AE0A-D9E11EA9DFC4}
	EndGlobalSection
EndGlobal
