
Microsoft Visual Studio Solution File, Format Version 12.00
# Visual Studio Version 17
VisualStudioVersion = 17.3.32611.2
MinimumVisualStudioVersion = 10.0.40219.1
Project("{FAE04EC0-301F-11D3-BF4B-00C04F79EFBC}") = "RazorClassLibrary", "RazorClassLibrary\RazorClassLibrary.csproj", "{D5AAEAB1-FFEA-4116-8686-98DD0D53CD60}"
EndProject
Global
	GlobalSection(SolutionConfigurationPlatforms) = preSolution
		Debug|Any CPU = Debug|Any CPU
		Release|Any CPU = Release|Any CPU
	EndGlobalSection
	GlobalSection(ProjectConfigurationPlatforms) = postSolution
		{D5AAEAB1-FFEA-4116-8686-98DD0D53CD60}.Debug|Any CPU.ActiveCfg = Debug|Any CPU
		{D5AAEAB1-FFEA-4116-8686-98DD0D53CD60}.Debug|Any CPU.Build.0 = Debug|Any CPU
		{D5AAEAB1-FFEA-4116-8686-98DD0D53CD60}.Release|Any CPU.ActiveCfg = Release|Any CPU
		{D5AAEAB1-FFEA-4116-8686-98DD0D53CD60}.Release|Any CPU.Build.0 = Release|Any CPU
	EndGlobalSection
	GlobalSection(SolutionProperties) = preSolution
		HideSolutionNode = FALSE
	EndGlobalSection
	GlobalSection(ExtensibilityGlobals) = postSolution
		SolutionGuid = {26EE1F14-EEF6-480C-A7DF-BEB37DF2BA50}
	EndGlobalSection
EndGlobal
